
Microsoft Visual Studio Solution File, Format Version 12.00
# Visual Studio Version 17
VisualStudioVersion = 17.0.32014.148
MinimumVisualStudioVersion = 10.0.40219.1
Project("{9A19103F-16F7-4668-BE54-9A1E7A4F7556}") = "API", "API\API.csproj", "{91944F29-FCE7-4EEB-AFB9-16C59C3C3083}"
EndProject
Project("{9A19103F-16F7-4668-BE54-9A1E7A4F7556}") = "WS_U2", "WS_U2\WS_U2.csproj", "{F7530C9C-611D-49EB-B06E-A833C9390307}"
EndProject
Global
	GlobalSection(SolutionConfigurationPlatforms) = preSolution
		Debug|Any CPU = Debug|Any CPU
		Release|Any CPU = Release|Any CPU
	EndGlobalSection
	GlobalSection(ProjectConfigurationPlatforms) = postSolution
		{91944F29-FCE7-4EEB-AFB9-16C59C3C3083}.Debug|Any CPU.ActiveCfg = Debug|Any CPU
		{91944F29-FCE7-4EEB-AFB9-16C59C3C3083}.Debug|Any CPU.Build.0 = Debug|Any CPU
		{91944F29-FCE7-4EEB-AFB9-16C59C3C3083}.Release|Any CPU.ActiveCfg = Release|Any CPU
		{91944F29-FCE7-4EEB-AFB9-16C59C3C3083}.Release|Any CPU.Build.0 = Release|Any CPU
		{F7530C9C-611D-49EB-B06E-A833C9390307}.Debug|Any CPU.ActiveCfg = Debug|Any CPU
		{F7530C9C-611D-49EB-B06E-A833C9390307}.Debug|Any CPU.Build.0 = Debug|Any CPU
		{F7530C9C-611D-49EB-B06E-A833C9390307}.Release|Any CPU.ActiveCfg = Release|Any CPU
		{F7530C9C-611D-49EB-B06E-A833C9390307}.Release|Any CPU.Build.0 = Release|Any CPU
	EndGlobalSection
	GlobalSection(SolutionProperties) = preSolution
		HideSolutionNode = FALSE
	EndGlobalSection
	GlobalSection(ExtensibilityGlobals) = postSolution
		SolutionGuid = {BF22EB27-98C3-4A1D-986D-44D2B9643385}
	EndGlobalSection
EndGlobal
